
Microsoft Visual Studio Solution File, Format Version 12.00
# Visual Studio Version 17
VisualStudioVersion = 17.11.35327.3
MinimumVisualStudioVersion = 10.0.40219.1
Project("{FAE04EC0-301F-11D3-BF4B-00C04F79EFBC}") = "16042025", "16042025\16042025.csproj", "{3FFF4BBA-FB52-4260-B526-065F56B856B8}"
EndProject
Global
	GlobalSection(SolutionConfigurationPlatforms) = preSolution
		Debug|Any CPU = Debug|Any CPU
		Release|Any CPU = Release|Any CPU
	EndGlobalSection
	GlobalSection(ProjectConfigurationPlatforms) = postSolution
		{3FFF4BBA-FB52-4260-B526-065F56B856B8}.Debug|Any CPU.ActiveCfg = Debug|Any CPU
		{3FFF4BBA-FB52-4260-B526-065F56B856B8}.Debug|Any CPU.Build.0 = Debug|Any CPU
		{3FFF4BBA-FB52-4260-B526-065F56B856B8}.Release|Any CPU.ActiveCfg = Release|Any CPU
		{3FFF4BBA-FB52-4260-B526-065F56B856B8}.Release|Any CPU.Build.0 = Release|Any CPU
	EndGlobalSection
	GlobalSection(SolutionProperties) = preSolution
		HideSolutionNode = FALSE
	EndGlobalSection
	GlobalSection(ExtensibilityGlobals) = postSolution
		SolutionGuid = {E59429F0-DC27-4D8F-946E-8530B0C28AE3}
	EndGlobalSection
EndGlobal
