
Microsoft Visual Studio Solution File, Format Version 12.00
# Visual Studio Version 17
VisualStudioVersion = 17.11.35327.3
MinimumVisualStudioVersion = 10.0.40219.1
Project("{FAE04EC0-301F-11D3-BF4B-00C04F79EFBC}") = "07052025", "07052025\07052025.csproj", "{D7EB2642-18EB-454F-BC81-A75DCABC6CB5}"
EndProject
Global
	GlobalSection(SolutionConfigurationPlatforms) = preSolution
		Debug|Any CPU = Debug|Any CPU
		Release|Any CPU = Release|Any CPU
	EndGlobalSection
	GlobalSection(ProjectConfigurationPlatforms) = postSolution
		{D7EB2642-18EB-454F-BC81-A75DCABC6CB5}.Debug|Any CPU.ActiveCfg = Debug|Any CPU
		{D7EB2642-18EB-454F-BC81-A75DCABC6CB5}.Debug|Any CPU.Build.0 = Debug|Any CPU
		{D7EB2642-18EB-454F-BC81-A75DCABC6CB5}.Release|Any CPU.ActiveCfg = Release|Any CPU
		{D7EB2642-18EB-454F-BC81-A75DCABC6CB5}.Release|Any CPU.Build.0 = Release|Any CPU
	EndGlobalSection
	GlobalSection(SolutionProperties) = preSolution
		HideSolutionNode = FALSE
	EndGlobalSection
	GlobalSection(ExtensibilityGlobals) = postSolution
		SolutionGuid = {76761A16-D979-4E59-A2F4-FA589E0B81F8}
	EndGlobalSection
EndGlobal
